// !$*UTF8*$!
{
	archiveVersion = 1;
	classes = {
	};
	objectVersion = 46;
	objects = {

/* Begin PBXBuildFile section */
		28D43ECA1E8C0F7B00EEAD15 /* main.m in Sources */ = {isa = PBXBuildFile; fileRef = 28D43EC91E8C0F7B00EEAD15 /* main.m */; };
		28D43ECD1E8C0F7B00EEAD15 /* AppDelegate.m in Sources */ = {isa = PBXBuildFile; fileRef = 28D43ECC1E8C0F7B00EEAD15 /* AppDelegate.m */; };
		28D43ED01E8C0F7B00EEAD15 /* ViewController.m in Sources */ = {isa = PBXBuildFile; fileRef = 28D43ECF1E8C0F7B00EEAD15 /* ViewController.m */; };
		28D43ED31E8C0F7B00EEAD15 /* Main.storyboard in Resources */ = {isa = PBXBuildFile; fileRef = 28D43ED11E8C0F7B00EEAD15 /* Main.storyboard */; };
		28D43ED51E8C0F7B00EEAD15 /* Assets.xcassets in Resources */ = {isa = PBXBuildFile; fileRef = 28D43ED41E8C0F7B00EEAD15 /* Assets.xcassets */; };
		28D43ED81E8C0F7B00EEAD15 /* LaunchScreen.storyboard in Resources */ = {isa = PBXBuildFile; fileRef = 28D43ED61E8C0F7B00EEAD15 /* LaunchScreen.storyboard */; };
		28D43EE11E8C344900EEAD15 /* CustomView.m in Sources */ = {isa = PBXBuildFile; fileRef = 28D43EE01E8C344900EEAD15 /* CustomView.m */; };
/* End PBXBuildFile section */

/* Begin PBXFileReference section */
		28D43EC51E8C0F7B00EEAD15 /* BridgeDesigns.app */ = {isa = PBXFileReference; explicitFileType = wrapper.application; includeInIndex = 0; path = BridgeDesigns.app; sourceTree = BUILT_PRODUCTS_DIR; };
		28D43EC91E8C0F7B00EEAD15 /* main.m */ = {isa = PBXFileReference; lastKnownFileType = sourcecode.c.objc; path = main.m; sourceTree = "<group>"; };
		28D43ECB1E8C0F7B00EEAD15 /* AppDelegate.h */ = {isa = PBXFileReference; lastKnownFileType = sourcecode.c.h; path = AppDelegate.h; sourceTree = "<group>"; };
		28D43ECC1E8C0F7B00EEAD15 /* AppDelegate.m */ = {isa = PBXFileReference; lastKnownFileType = sourcecode.c.objc; path = AppDelegate.m; sourceTree = "<group>"; };
		28D43ECE1E8C0F7B00EEAD15 /* ViewController.h */ = {isa = PBXFileReference; lastKnownFileType = sourcecode.c.h; path = ViewController.h; sourceTree = "<group>"; };
		28D43ECF1E8C0F7B00EEAD15 /* ViewController.m */ = {isa = PBXFileReference; lastKnownFileType = sourcecode.c.objc; path = ViewController.m; sourceTree = "<group>"; };
		28D43ED21E8C0F7B00EEAD15 /* Base */ = {isa = PBXFileReference; lastKnownFileType = file.storyboard; name = Base; path = Base.lproj/Main.storyboard; sourceTree = "<group>"; };
		28D43ED41E8C0F7B00EEAD15 /* Assets.xcassets */ = {isa = PBXFileReference; lastKnownFileType = folder.assetcatalog; path = Assets.xcassets; sourceTree = "<group>"; };
		28D43ED71E8C0F7B00EEAD15 /* Base */ = {isa = PBXFileReference; lastKnownFileType = file.storyboard; name = Base; path = Base.lproj/LaunchScreen.storyboard; sourceTree = "<group>"; };
		28D43ED91E8C0F7B00EEAD15 /* Info.plist */ = {isa = PBXFileReference; lastKnownFileType = text.plist.xml; path = Info.plist; sourceTree = "<group>"; };
		28D43EDF1E8C344900EEAD15 /* CustomView.h */ = {isa = PBXFileReference; fileEncoding = 4; lastKnownFileType = sourcecode.c.h; path = CustomView.h; sourceTree = "<group>"; };
		28D43EE01E8C344900EEAD15 /* CustomView.m */ = {isa = PBXFileReference; fileEncoding = 4; lastKnownFileType = sourcecode.c.objc; path = CustomView.m; sourceTree = "<group>"; };
/* End PBXFileReference section */

/* Begin PBXFrameworksBuildPhase section */
		28D43EC21E8C0F7B00EEAD15 /* Frameworks */ = {
			isa = PBXFrameworksBuildPhase;
			buildActionMask = 2147483647;
			files = (
			);
			runOnlyForDeploymentPostprocessing = 0;
		};
/* End PBXFrameworksBuildPhase section */

/* Begin PBXGroup section */
		28D43EBC1E8C0F7B00EEAD15 = {
			isa = PBXGroup;
			children = (
				28D43EC71E8C0F7B00EEAD15 /* BridgeDesigns */,
				28D43EC61E8C0F7B00EEAD15 /* Products */,
			);
			sourceTree = "<group>";
		};
		28D43EC61E8C0F7B00EEAD15 /* Products */ = {
			isa = PBXGroup;
			children = (
				28D43EC51E8C0F7B00EEAD15 /* BridgeDesigns.app */,
			);
			name = Products;
			sourceTree = "<group>";
		};
		28D43EC71E8C0F7B00EEAD15 /* BridgeDesigns */ = {
			isa = PBXGroup;
			children = (
				28D43ECB1E8C0F7B00EEAD15 /* AppDelegate.h */,
				28D43ECC1E8C0F7B00EEAD15 /* AppDelegate.m */,
				28D43ECE1E8C0F7B00EEAD15 /* ViewController.h */,
				28D43ECF1E8C0F7B00EEAD15 /* ViewController.m */,
				28D43EDF1E8C344900EEAD15 /* CustomView.h */,
				28D43EE01E8C344900EEAD15 /* CustomView.m */,
				28D43ED11E8C0F7B00EEAD15 /* Main.storyboard */,
				28D43ED41E8C0F7B00EEAD15 /* Assets.xcassets */,
				28D43ED61E8C0F7B00EEAD15 /* LaunchScreen.storyboard */,
				28D43ED91E8C0F7B00EEAD15 /* Info.plist */,
				28D43EC81E8C0F7B00EEAD15 /* Supporting Files */,
			);
			path = BridgeDesigns;
			sourceTree = "<group>";
		};
		28D43EC81E8C0F7B00EEAD15 /* Supporting Files */ = {
			isa = PBXGroup;
			children = (
				28D43EC91E8C0F7B00EEAD15 /* main.m */,
			);
			name = "Supporting Files";
			sourceTree = "<group>";
		};
/* End PBXGroup section */

/* Begin PBXNativeTarget section */
		28D43EC41E8C0F7B00EEAD15 /* BridgeDesigns */ = {
			isa = PBXNativeTarget;
			buildConfigurationList = 28D43EDC1E8C0F7B00EEAD15 /* Build configuration list for PBXNativeTarget "BridgeDesigns" */;
			buildPhases = (
				28D43EC11E8C0F7B00EEAD15 /* Sources */,
				28D43EC21E8C0F7B00EEAD15 /* Frameworks */,
				28D43EC31E8C0F7B00EEAD15 /* Resources */,
			);
			buildRules = (
			);
			dependencies = (
			);
			name = BridgeDesigns;
			productName = BridgeDesigns;
			productReference = 28D43EC51E8C0F7B00EEAD15 /* BridgeDesigns.app */;
			productType = "com.apple.product-type.application";
		};
/* End PBXNativeTarget section */

/* Begin PBXProject section */
		28D43EBD1E8C0F7B00EEAD15 /* Project object */ = {
			isa = PBXProject;
			attributes = {
				LastUpgradeCheck = 0820;
				ORGANIZATIONNAME = "Reid Weber";
				TargetAttributes = {
					28D43EC41E8C0F7B00EEAD15 = {
						CreatedOnToolsVersion = 8.2.1;
						DevelopmentTeam = 54Q627A9KB;
						ProvisioningStyle = Automatic;
					};
				};
			};
			buildConfigurationList = 28D43EC01E8C0F7B00EEAD15 /* Build configuration list for PBXProject "BridgeDesigns" */;
			compatibilityVersion = "Xcode 3.2";
			developmentRegion = English;
			hasScannedForEncodings = 0;
			knownRegions = (
				en,
				Base,
			);
			mainGroup = 28D43EBC1E8C0F7B00EEAD15;
			productRefGroup = 28D43EC61E8C0F7B00EEAD15 /* Products */;
			projectDirPath = "";
			projectRoot = "";
			targets = (
				28D43EC41E8C0F7B00EEAD15 /* BridgeDesigns */,
			);
		};
/* End PBXProject section */

/* Begin PBXResourcesBuildPhase section */
		28D43EC31E8C0F7B00EEAD15 /* Resources */ = {
			isa = PBXResourcesBuildPhase;
			buildActionMask = 2147483647;
			files = (
				28D43ED81E8C0F7B00EEAD15 /* LaunchScreen.storyboard in Resources */,
				28D43ED51E8C0F7B00EEAD15 /* Assets.xcassets in Resources */,
				28D43ED31E8C0F7B00EEAD15 /* Main.storyboard in Resources */,
			);
			runOnlyForDeploymentPostprocessing = 0;
		};
/* End PBXResourcesBuildPhase section */

/* Begin PBXSourcesBuildPhase section */
		28D43EC11E8C0F7B00EEAD15 /* Sources */ = {
			isa = PBXSourcesBuildPhase;
			buildActionMask = 2147483647;
			files = (
				28D43ED01E8C0F7B00EEAD15 /* ViewController.m in Sources */,
				28D43EE11E8C344900EEAD15 /* CustomView.m in Sources */,
				28D43ECD1E8C0F7B00EEAD15 /* AppDelegate.m in Sources */,
				28D43ECA1E8C0F7B00EEAD15 /* main.m in Sources */,
			);
			runOnlyForDeploymentPostprocessing = 0;
		};
/* End PBXSourcesBuildPhase section */

/* Begin PBXVariantGroup section */
		28D43ED11E8C0F7B00EEAD15 /* Main.storyboard */ = {
			isa = PBXVariantGroup;
			children = (
				28D43ED21E8C0F7B00EEAD15 /* Base */,
			);
			name = Main.storyboard;
			sourceTree = "<group>";
		};
		28D43ED61E8C0F7B00EEAD15 /* LaunchScreen.storyboard */ = {
			isa = PBXVariantGroup;
			children = (
				28D43ED71E8C0F7B00EEAD15 /* Base */,
			);
			name = LaunchScreen.storyboard;
			sourceTree = "<group>";
		};
/* End PBXVariantGroup section */

/* Begin XCBuildConfiguration section */
		28D43EDA1E8C0F7B00EEAD15 /* Debug */ = {
			isa = XCBuildConfiguration;
			buildSettings = {
				ALWAYS_SEARCH_USER_PATHS = NO;
				CLANG_ANALYZER_NONNULL = YES;
				CLANG_CXX_LANGUAGE_STANDARD = "gnu++0x";
				CLANG_CXX_LIBRARY = "libc++";
				CLANG_ENABLE_MODULES = YES;
				CLANG_ENABLE_OBJC_ARC = YES;
				CLANG_WARN_BOOL_CONVERSION = YES;
				CLANG_WARN_CONSTANT_CONVERSION = YES;
				CLANG_WARN_DIRECT_OBJC_ISA_USAGE = YES_ERROR;
				CLANG_WARN_DOCUMENTATION_COMMENTS = YES;
				CLANG_WARN_EMPTY_BODY = YES;
				CLANG_WARN_ENUM_CONVERSION = YES;
				CLANG_WARN_INFINITE_RECURSION = YES;
				CLANG_WARN_INT_CONVERSION = YES;
				CLANG_WARN_OBJC_ROOT_CLASS = YES_ERROR;
				CLANG_WARN_SUSPICIOUS_MOVE = YES;
				CLANG_WARN_UNREACHABLE_CODE = YES;
				CLANG_WARN__DUPLICATE_METHOD_MATCH = YES;
				"CODE_SIGN_IDENTITY[sdk=iphoneos*]" = "iPhone Developer";
				COPY_PHASE_STRIP = NO;
				DEBUG_INFORMATION_FORMAT = dwarf;
				ENABLE_STRICT_OBJC_MSGSEND = YES;
				ENABLE_TESTABILITY = YES;
				GCC_C_LANGUAGE_STANDARD = gnu99;
				GCC_DYNAMIC_NO_PIC = NO;
				GCC_NO_COMMON_BLOCKS = YES;
				GCC_OPTIMIZATION_LEVEL = 0;
				GCC_PREPROCESSOR_DEFINITIONS = (
					"DEBUG=1",
					"$(inherited)",
				);
				GCC_WARN_64_TO_32_BIT_CONVERSION = YES;
				GCC_WARN_ABOUT_RETURN_TYPE = YES_ERROR;
				GCC_WARN_UNDECLARED_SELECTOR = YES;
				GCC_WARN_UNINITIALIZED_AUTOS = YES_AGGRESSIVE;
				GCC_WARN_UNUSED_FUNCTION = YES;
				GCC_WARN_UNUSED_VARIABLE = YES;
				IPHONEOS_DEPLOYMENT_TARGET = 10.2;
				MTL_ENABLE_DEBUG_INFO = YES;
				ONLY_ACTIVE_ARCH = YES;
				SDKROOT = iphoneos;
				TARGETED_DEVICE_FAMILY = "1,2";
			};
			name = Debug;
		};
		28D43EDB1E8C0F7B00EEAD15 /* Release */ = {
			isa = XCBuildConfiguration;
			buildSettings = {
				ALWAYS_SEARCH_USER_PATHS = NO;
				CLANG_ANALYZER_NONNULL = YES;
				CLANG_CXX_LANGUAGE_STANDARD = "gnu++0x";
				CLANG_CXX_LIBRARY = "libc++";
				CLANG_ENABLE_MODULES = YES;
				CLANG_ENABLE_OBJC_ARC = YES;
				CLANG_WARN_BOOL_CONVERSION = YES;
				CLANG_WARN_CONSTANT_CONVERSION = YES;
				CLANG_WARN_DIRECT_OBJC_ISA_USAGE = YES_ERROR;
				CLANG_WARN_DOCUMENTATION_COMMENTS = YES;
				CLANG_WARN_EMPTY_BODY = YES;
				CLANG_WARN_ENUM_CONVERSION = YES;
				CLANG_WARN_INFINITE_RECURSION = YES;
				CLANG_WARN_INT_CONVERSION = YES;
				CLANG_WARN_OBJC_ROOT_CLASS = YES_ERROR;
				CLANG_WARN_SUSPICIOUS_MOVE = YES;
				CLANG_WARN_UNREACHABLE_CODE = YES;
				CLANG_WARN__DUPLICATE_METHOD_MATCH = YES;
				"CODE_SIGN_IDENTITY[sdk=iphoneos*]" = "iPhone Developer";
				COPY_PHASE_STRIP = NO;
				DEBUG_INFORMATION_FORMAT = "dwarf-with-dsym";
				ENABLE_NS_ASSERTIONS = NO;
				ENABLE_STRICT_OBJC_MSGSEND = YES;
				GCC_C_LANGUAGE_STANDARD = gnu99;
				GCC_NO_COMMON_BLOCKS = YES;
				GCC_WARN_64_TO_32_BIT_CONVERSION = YES;
				GCC_WARN_ABOUT_RETURN_TYPE = YES_ERROR;
				GCC_WARN_UNDECLARED_SELECTOR = YES;
				GCC_WARN_UNINITIALIZED_AUTOS = YES_AGGRESSIVE;
				GCC_WARN_UNUSED_FUNCTION = YES;
				GCC_WARN_UNUSED_VARIABLE = YES;
				IPHONEOS_DEPLOYMENT_TARGET = 10.2;
				MTL_ENABLE_DEBUG_INFO = NO;
				SDKROOT = iphoneos;
				TARGETED_DEVICE_FAMILY = "1,2";
				VALIDATE_PRODUCT = YES;
			};
			name = Release;
		};
		28D43EDD1E8C0F7B00EEAD15 /* Debug */ = {
			isa = XCBuildConfiguration;
			buildSettings = {
				ASSETCATALOG_COMPILER_APPICON_NAME = AppIcon;
				DEVELOPMENT_TEAM = 54Q627A9KB;
				INFOPLIST_FILE = BridgeDesigns/Info.plist;
				LD_RUNPATH_SEARCH_PATHS = "$(inherited) @executable_path/Frameworks";
				PRODUCT_BUNDLE_IDENTIFIER = RW.mesh.BridgeDesigns;
				PRODUCT_NAME = "$(TARGET_NAME)";
			};
			name = Debug;
		};
		28D43EDE1E8C0F7B00EEAD15 /* Release */ = {
			isa = XCBuildConfiguration;
			buildSettings = {
				ASSETCATALOG_COMPILER_APPICON_NAME = AppIcon;
				DEVELOPMENT_TEAM = 54Q627A9KB;
				INFOPLIST_FILE = BridgeDesigns/Info.plist;
				LD_RUNPATH_SEARCH_PATHS = "$(inherited) @executable_path/Frameworks";
				PRODUCT_BUNDLE_IDENTIFIER = RW.mesh.BridgeDesigns;
				PRODUCT_NAME = "$(TARGET_NAME)";
			};
			name = Release;
		};
/* End XCBuildConfiguration section */

/* Begin XCConfigurationList section */
		28D43EC01E8C0F7B00EEAD15 /* Build configuration list for PBXProject "BridgeDesigns" */ = {
			isa = XCConfigurationList;
			buildConfigurations = (
				28D43EDA1E8C0F7B00EEAD15 /* Debug */,
				28D43EDB1E8C0F7B00EEAD15 /* Release */,
			);
			defaultConfigurationIsVisible = 0;
			defaultConfigurationName = Release;
		};
		28D43EDC1E8C0F7B00EEAD15 /* Build configuration list for PBXNativeTarget "BridgeDesigns" */ = {
			isa = XCConfigurationList;
			buildConfigurations = (
				28D43EDD1E8C0F7B00EEAD15 /* Debug */,
				28D43EDE1E8C0F7B00EEAD15 /* Release */,
			);
			defaultConfigurationIsVisible = 0;
		};
/* End XCConfigurationList section */
	};
	rootObject = 28D43EBD1E8C0F7B00EEAD15 /* Project object */;
}
